
Microsoft Visual Studio Solution File, Format Version 12.00
# Visual Studio Version 16
VisualStudioVersion = 16.0.31205.134
MinimumVisualStudioVersion = 10.0.40219.1
Project("{9A19103F-16F7-4668-BE54-9A1E7A4F7556}") = "HelloWorld", "HelloWorld.csproj", "{6CBB048C-1E82-429E-A90C-32375B432CA0}"
EndProject
Project("{9A19103F-16F7-4668-BE54-9A1E7A4F7556}") = "trifenix.courses.utils", "..\utils\trifenix.courses.utils.csproj", "{1A3DF19D-DA46-4704-B365-FCFBA7934EE0}"
EndProject
Global
	GlobalSection(SolutionConfigurationPlatforms) = preSolution
		Debug|Any CPU = Debug|Any CPU
		Release|Any CPU = Release|Any CPU
	EndGlobalSection
	GlobalSection(ProjectConfigurationPlatforms) = postSolution
		{6CBB048C-1E82-429E-A90C-32375B432CA0}.Debug|Any CPU.ActiveCfg = Debug|Any CPU
		{6CBB048C-1E82-429E-A90C-32375B432CA0}.Debug|Any CPU.Build.0 = Debug|Any CPU
		{6CBB048C-1E82-429E-A90C-32375B432CA0}.Release|Any CPU.ActiveCfg = Release|Any CPU
		{6CBB048C-1E82-429E-A90C-32375B432CA0}.Release|Any CPU.Build.0 = Release|Any CPU
		{1A3DF19D-DA46-4704-B365-FCFBA7934EE0}.Debug|Any CPU.ActiveCfg = Debug|Any CPU
		{1A3DF19D-DA46-4704-B365-FCFBA7934EE0}.Debug|Any CPU.Build.0 = Debug|Any CPU
		{1A3DF19D-DA46-4704-B365-FCFBA7934EE0}.Release|Any CPU.ActiveCfg = Release|Any CPU
		{1A3DF19D-DA46-4704-B365-FCFBA7934EE0}.Release|Any CPU.Build.0 = Release|Any CPU
	EndGlobalSection
	GlobalSection(SolutionProperties) = preSolution
		HideSolutionNode = FALSE
	EndGlobalSection
	GlobalSection(ExtensibilityGlobals) = postSolution
		SolutionGuid = {DFD64810-3761-40BA-B4BF-DB8ADBCFCD91}
	EndGlobalSection
EndGlobal
